
Microsoft Visual Studio Solution File, Format Version 12.00
# Visual Studio Version 17
VisualStudioVersion = 17.8.34316.72
MinimumVisualStudioVersion = 10.0.40219.1
Project("{8BC9CEB8-8B4A-11D0-8D11-00A0C91BC942}") = "BWINF-Template", "BWINF-Template\BWINF-Template.vcxproj", "{1153A102-4B46-45AA-B357-22948ED65729}"
EndProject
Project("{8BC9CEB8-8B4A-11D0-8D11-00A0C91BC942}") = "Stilvolle-Paeckchen", "Stilvolle-Paeckchen\Stilvolle-Paeckchen.vcxproj", "{05F1DC18-425F-470F-9089-CE4D841F7686}"
EndProject
Global
	GlobalSection(SolutionConfigurationPlatforms) = preSolution
		Debug|x64 = Debug|x64
		Debug|x86 = Debug|x86
		Release|x64 = Release|x64
		Release|x86 = Release|x86
	EndGlobalSection
	GlobalSection(ProjectConfigurationPlatforms) = postSolution
		{1153A102-4B46-45AA-B357-22948ED65729}.Debug|x64.ActiveCfg = Debug|x64
		{1153A102-4B46-45AA-B357-22948ED65729}.Debug|x64.Build.0 = Debug|x64
		{1153A102-4B46-45AA-B357-22948ED65729}.Debug|x86.ActiveCfg = Debug|Win32
		{1153A102-4B46-45AA-B357-22948ED65729}.Debug|x86.Build.0 = Debug|Win32
		{1153A102-4B46-45AA-B357-22948ED65729}.Release|x64.ActiveCfg = Release|x64
		{1153A102-4B46-45AA-B357-22948ED65729}.Release|x64.Build.0 = Release|x64
		{1153A102-4B46-45AA-B357-22948ED65729}.Release|x86.ActiveCfg = Release|Win32
		{1153A102-4B46-45AA-B357-22948ED65729}.Release|x86.Build.0 = Release|Win32
		{05F1DC18-425F-470F-9089-CE4D841F7686}.Debug|x64.ActiveCfg = Debug|x64
		{05F1DC18-425F-470F-9089-CE4D841F7686}.Debug|x64.Build.0 = Debug|x64
		{05F1DC18-425F-470F-9089-CE4D841F7686}.Debug|x86.ActiveCfg = Debug|Win32
		{05F1DC18-425F-470F-9089-CE4D841F7686}.Debug|x86.Build.0 = Debug|Win32
		{05F1DC18-425F-470F-9089-CE4D841F7686}.Release|x64.ActiveCfg = Release|x64
		{05F1DC18-425F-470F-9089-CE4D841F7686}.Release|x64.Build.0 = Release|x64
		{05F1DC18-425F-470F-9089-CE4D841F7686}.Release|x86.ActiveCfg = Release|Win32
		{05F1DC18-425F-470F-9089-CE4D841F7686}.Release|x86.Build.0 = Release|Win32
	EndGlobalSection
	GlobalSection(SolutionProperties) = preSolution
		HideSolutionNode = FALSE
	EndGlobalSection
	GlobalSection(ExtensibilityGlobals) = postSolution
		SolutionGuid = {F2394B0B-383A-4B53-A99D-BC912DB84ABC}
	EndGlobalSection
EndGlobal
